
Microsoft Visual Studio Solution File, Format Version 12.00
# Visual Studio Version 16
VisualStudioVersion = 16.0.29418.71
MinimumVisualStudioVersion = 10.0.40219.1
Project("{FAE04EC0-301F-11D3-BF4B-00C04F79EFBC}") = "SE340", "SE340.csproj", "{BF1A0BE8-5B0B-44DF-B5D2-9E60D3D69967}"
EndProject
Global
	GlobalSection(SolutionConfigurationPlatforms) = preSolution
		Debug|Any CPU = Debug|Any CPU
		Release|Any CPU = Release|Any CPU
	EndGlobalSection
	GlobalSection(ProjectConfigurationPlatforms) = postSolution
		{BF1A0BE8-5B0B-44DF-B5D2-9E60D3D69967}.Debug|Any CPU.ActiveCfg = Debug|Any CPU
		{BF1A0BE8-5B0B-44DF-B5D2-9E60D3D69967}.Debug|Any CPU.Build.0 = Debug|Any CPU
		{BF1A0BE8-5B0B-44DF-B5D2-9E60D3D69967}.Release|Any CPU.ActiveCfg = Release|Any CPU
		{BF1A0BE8-5B0B-44DF-B5D2-9E60D3D69967}.Release|Any CPU.Build.0 = Release|Any CPU
	EndGlobalSection
	GlobalSection(SolutionProperties) = preSolution
		HideSolutionNode = FALSE
	EndGlobalSection
	GlobalSection(ExtensibilityGlobals) = postSolution
		SolutionGuid = {39E2F286-D600-4ECB-A04E-EBC3E6E141CC}
	EndGlobalSection
EndGlobal
